{
    "_readme": [
        "This file locks the dependencies of your project to a known state",
        "Read more about it at https://getcomposer.org/doc/01-basic-usage.md#installing-dependencies",
        "This file is @generated automatically"
    ],
    "content-hash": "6f6218bd564db09f7fcd1ba74cde86a6",
    "packages": [
        {
            "name": "symfony/polyfill-ctype",
            "version": "v1.26.0",
            "source": {
                "type": "git",
                "url": "https://github.com/symfony/polyfill-ctype.git",
                "reference": "6fd1b9a79f6e3cf65f9e679b23af304cd9e010d4"
            },
            "dist": {
                "type": "zip",
                "url": "https://api.github.com/repos/symfony/polyfill-ctype/zipball/6fd1b9a79f6e3cf65f9e679b23af304cd9e010d4",
                "reference": "6fd1b9a79f6e3cf65f9e679b23af304cd9e010d4",
                "shasum": ""
            },
            "require": {
                "php": ">=7.1"
            },
            "provide": {
                "ext-ctype": "*"
            },
            "suggest": {
                "ext-ctype": "For best performance"
            },
            "type": "library",
            "extra": {
                "branch-alias": {
                    "dev-main": "1.26-dev"
                },
                "thanks": {
                    "name": "symfony/polyfill",
                    "url": "https://github.com/symfony/polyfill"
                }
            },
            "autoload": {
                "files": [
                    "bootstrap.php"
                ],
                "psr-4": {
                    "Symfony\\Polyfill\\Ctype\\": ""
                }
            },
            "notification-url": "https://packagist.org/downloads/",
            "license": [
                "MIT"
            ],
            "authors": [
                {
                    "name": "Gert de Pagter",
                    "email": "BackEndTea@gmail.com"
                },
                {
                    "name": "Symfony Community",
                    "homepage": "https://symfony.com/contributors"
                }
            ],
            "description": "Symfony polyfill for ctype functions",
            "homepage": "https://symfony.com",
            "keywords": [
                "compatibility",
                "ctype",
                "polyfill",
                "portable"
            ],
            "support": {
                "source": "https://github.com/symfony/polyfill-ctype/tree/v1.26.0"
            },
            "funding": [
                {
                    "url": "https://symfony.com/sponsor",
                    "type": "custom"
                },
                {
                    "url": "https://github.com/fabpot",
                    "type": "github"
                },
                {
                    "url": "https://tidelift.com/funding/github/packagist/symfony/symfony",
                    "type": "tidelift"
                }
            ],
            "time": "2022-05-24T11:49:31+00:00"
        },
        {
            "name": "symfony/polyfill-mbstring",
            "version": "v1.26.0",
            "source": {
                "type": "git",
                "url": "https://github.com/symfony/polyfill-mbstring.git",
                "reference": "9344f9cb97f3b19424af1a21a3b0e75b0a7d8d7e"
            },
            "dist": {
                "type": "zip",
                "url": "https://api.github.com/repos/symfony/polyfill-mbstring/zipball/9344f9cb97f3b19424af1a21a3b0e75b0a7d8d7e",
                "reference": "9344f9cb97f3b19424af1a21a3b0e75b0a7d8d7e",
                "shasum": ""
            },
            "require": {
                "php": ">=7.1"
            },
            "provide": {
                "ext-mbstring": "*"
            },
            "suggest": {
                "ext-mbstring": "For best performance"
            },
            "type": "library",
            "extra": {
                "branch-alias": {
                    "dev-main": "1.26-dev"
                },
                "thanks": {
                    "name": "symfony/polyfill",
                    "url": "https://github.com/symfony/polyfill"
                }
            },
            "autoload": {
                "files": [
                    "bootstrap.php"
                ],
                "psr-4": {
                    "Symfony\\Polyfill\\Mbstring\\": ""
                }
            },
            "notification-url": "https://packagist.org/downloads/",
            "license": [
                "MIT"
            ],
            "authors": [
                {
                    "name": "Nicolas Grekas",
                    "email": "p@tchwork.com"
                },
                {
                    "name": "Symfony Community",
                    "homepage": "https://symfony.com/contributors"
                }
            ],
            "description": "Symfony polyfill for the Mbstring extension",
            "homepage": "https://symfony.com",
            "keywords": [
                "compatibility",
                "mbstring",
                "polyfill",
                "portable",
                "shim"
            ],
            "support": {
                "source": "https://github.com/symfony/polyfill-mbstring/tree/v1.26.0"
            },
            "funding": [
                {
                    "url": "https://symfony.com/sponsor",
                    "type": "custom"
                },
                {
                    "url": "https://github.com/fabpot",
                    "type": "github"
                },
                {
                    "url": "https://tidelift.com/funding/github/packagist/symfony/symfony",
                    "type": "tidelift"
                }
            ],
            "time": "2022-05-24T11:49:31+00:00"
        },
        {
            "name": "symfony/polyfill-php81",
            "version": "v1.26.0",
            "source": {
                "type": "git",
                "url": "https://github.com/symfony/polyfill-php81.git",
                "reference": "13f6d1271c663dc5ae9fb843a8f16521db7687a1"
            },
            "dist": {
                "type": "zip",
                "url": "https://api.github.com/repos/symfony/polyfill-php81/zipball/13f6d1271c663dc5ae9fb843a8f16521db7687a1",
                "reference": "13f6d1271c663dc5ae9fb843a8f16521db7687a1",
                "shasum": ""
            },
            "require": {
                "php": ">=7.1"
            },
            "type": "library",
            "extra": {
                "branch-alias": {
                    "dev-main": "1.26-dev"
                },
                "thanks": {
                    "name": "symfony/polyfill",
                    "url": "https://github.com/symfony/polyfill"
                }
            },
            "autoload": {
                "files": [
                    "bootstrap.php"
                ],
                "psr-4": {
                    "Symfony\\Polyfill\\Php81\\": ""
                },
                "classmap": [
                    "Resources/stubs"
                ]
            },
            "notification-url": "https://packagist.org/downloads/",
            "license": [
                "MIT"
            ],
            "authors": [
                {
                    "name": "Nicolas Grekas",
                    "email": "p@tchwork.com"
                },
                {
                    "name": "Symfony Community",
                    "homepage": "https://symfony.com/contributors"
                }
            ],
            "description": "Symfony polyfill backporting some PHP 8.1+ features to lower PHP versions",
            "homepage": "https://symfony.com",
            "keywords": [
                "compatibility",
                "polyfill",
                "portable",
                "shim"
            ],
            "support": {
                "source": "https://github.com/symfony/polyfill-php81/tree/v1.26.0"
            },
            "funding": [
                {
                    "url": "https://symfony.com/sponsor",
                    "type": "custom"
                },
                {
                    "url": "https://github.com/fabpot",
                    "type": "github"
                },
                {
                    "url": "https://tidelift.com/funding/github/packagist/symfony/symfony",
                    "type": "tidelift"
                }
            ],
            "time": "2022-05-24T11:49:31+00:00"
        },
        {
            "name": "symfony/translation-contracts",
            "version": "v3.0.2",
            "source": {
                "type": "git",
                "url": "https://github.com/symfony/translation-contracts.git",
                "reference": "acbfbb274e730e5a0236f619b6168d9dedb3e282"
            },
            "dist": {
                "type": "zip",
                "url": "https://api.github.com/repos/symfony/translation-contracts/zipball/acbfbb274e730e5a0236f619b6168d9dedb3e282",
                "reference": "acbfbb274e730e5a0236f619b6168d9dedb3e282",
                "shasum": ""
            },
            "require": {
                "php": ">=8.0.2"
            },
            "suggest": {
                "symfony/translation-implementation": ""
            },
            "type": "library",
            "extra": {
                "branch-alias": {
                    "dev-main": "3.0-dev"
                },
                "thanks": {
                    "name": "symfony/contracts",
                    "url": "https://github.com/symfony/contracts"
                }
            },
            "autoload": {
                "psr-4": {
                    "Symfony\\Contracts\\Translation\\": ""
                }
            },
            "notification-url": "https://packagist.org/downloads/",
            "license": [
                "MIT"
            ],
            "authors": [
                {
                    "name": "Nicolas Grekas",
                    "email": "p@tchwork.com"
                },
                {
                    "name": "Symfony Community",
                    "homepage": "https://symfony.com/contributors"
                }
            ],
            "description": "Generic abstractions related to translation",
            "homepage": "https://symfony.com",
            "keywords": [
                "abstractions",
                "contracts",
                "decoupling",
                "interfaces",
                "interoperability",
                "standards"
            ],
            "support": {
                "source": "https://github.com/symfony/translation-contracts/tree/v3.0.2"
            },
            "funding": [
                {
                    "url": "https://symfony.com/sponsor",
                    "type": "custom"
                },
                {
                    "url": "https://github.com/fabpot",
                    "type": "github"
                },
                {
                    "url": "https://tidelift.com/funding/github/packagist/symfony/symfony",
                    "type": "tidelift"
                }
            ],
            "time": "2022-06-27T17:10:44+00:00"
        },
        {
            "name": "symfony/validator",
            "version": "6.0.x-dev",
            "source": {
                "type": "git",
                "url": "https://github.com/symfony/validator.git",
                "reference": "afe702b7827bdbddfc0750e023fcc4770a2814f1"
            },
            "dist": {
                "type": "zip",
                "url": "https://api.github.com/repos/symfony/validator/zipball/afe702b7827bdbddfc0750e023fcc4770a2814f1",
                "reference": "afe702b7827bdbddfc0750e023fcc4770a2814f1",
                "shasum": ""
            },
            "require": {
                "php": ">=8.0.2",
                "symfony/polyfill-ctype": "~1.8",
                "symfony/polyfill-mbstring": "~1.0",
                "symfony/polyfill-php81": "^1.22",
                "symfony/translation-contracts": "^1.1|^2|^3"
            },
            "conflict": {
                "doctrine/annotations": "<1.13",
                "doctrine/lexer": "<1.1",
                "phpunit/phpunit": "<5.4.3",
                "symfony/dependency-injection": "<5.4",
                "symfony/expression-language": "<5.4",
                "symfony/http-kernel": "<5.4",
                "symfony/intl": "<5.4",
                "symfony/property-info": "<5.4",
                "symfony/translation": "<5.4",
                "symfony/yaml": "<5.4"
            },
            "require-dev": {
                "doctrine/annotations": "^1.13",
                "egulias/email-validator": "^2.1.10|^3",
                "symfony/cache": "^5.4|^6.0",
                "symfony/config": "^5.4|^6.0",
                "symfony/console": "^5.4|^6.0",
                "symfony/dependency-injection": "^5.4|^6.0",
                "symfony/expression-language": "^5.4|^6.0",
                "symfony/finder": "^5.4|^6.0",
                "symfony/http-client": "^5.4|^6.0",
                "symfony/http-foundation": "^5.4|^6.0",
                "symfony/http-kernel": "^5.4|^6.0",
                "symfony/intl": "^5.4|^6.0",
                "symfony/mime": "^5.4|^6.0",
                "symfony/property-access": "^5.4|^6.0",
                "symfony/property-info": "^5.4|^6.0",
                "symfony/translation": "^5.4|^6.0",
                "symfony/yaml": "^5.4|^6.0"
            },
            "suggest": {
                "egulias/email-validator": "Strict (RFC compliant) email validation",
                "psr/cache-implementation": "For using the mapping cache.",
                "symfony/config": "",
                "symfony/expression-language": "For using the Expression validator and the ExpressionLanguageSyntax constraints",
                "symfony/http-foundation": "",
                "symfony/intl": "",
                "symfony/property-access": "For accessing properties within comparison constraints",
                "symfony/property-info": "To automatically add NotNull and Type constraints",
                "symfony/translation": "For translating validation errors.",
                "symfony/yaml": ""
            },
            "type": "library",
            "autoload": {
                "psr-4": {
                    "Symfony\\Component\\Validator\\": ""
                },
                "exclude-from-classmap": [
                    "/Tests/"
                ]
            },
            "notification-url": "https://packagist.org/downloads/",
            "license": [
                "MIT"
            ],
            "authors": [
                {
                    "name": "Fabien Potencier",
                    "email": "fabien@symfony.com"
                },
                {
                    "name": "Symfony Community",
                    "homepage": "https://symfony.com/contributors"
                }
            ],
            "description": "Provides tools to validate values",
            "homepage": "https://symfony.com",
            "support": {
                "source": "https://github.com/symfony/validator/tree/6.0"
            },
            "funding": [
                {
                    "url": "https://symfony.com/sponsor",
                    "type": "custom"
                },
                {
                    "url": "https://github.com/fabpot",
                    "type": "github"
                },
                {
                    "url": "https://tidelift.com/funding/github/packagist/symfony/symfony",
                    "type": "tidelift"
                }
            ],
            "time": "2022-07-20T13:45:53+00:00"
        }
    ],
    "packages-dev": [],
    "aliases": [],
    "minimum-stability": "dev",
    "stability-flags": {
        "symfony/validator": 20
    },
    "prefer-stable": true,
    "prefer-lowest": false,
    "platform": [],
    "platform-dev": [],
    "platform-overrides": {
        "php": "8.0.9"
    },
    "plugin-api-version": "2.1.0"
}
